
Microsoft Visual Studio Solution File, Format Version 12.00
# Visual Studio Version 16
VisualStudioVersion = 16.0.30104.148
MinimumVisualStudioVersion = 10.0.40219.1
Project("{FAE04EC0-301F-11D3-BF4B-00C04F79EFBC}") = "RegularExpressionSamples", "RegularExpressionSamples\RegularExpressionSamples.csproj", "{054B70D6-A40B-4CA9-A777-AD639F8EC939}"
EndProject
Global
	GlobalSection(SolutionConfigurationPlatforms) = preSolution
		Debug|Any CPU = Debug|Any CPU
		Release|Any CPU = Release|Any CPU
	EndGlobalSection
	GlobalSection(ProjectConfigurationPlatforms) = postSolution
		{054B70D6-A40B-4CA9-A777-AD639F8EC939}.Debug|Any CPU.ActiveCfg = Debug|Any CPU
		{054B70D6-A40B-4CA9-A777-AD639F8EC939}.Debug|Any CPU.Build.0 = Debug|Any CPU
		{054B70D6-A40B-4CA9-A777-AD639F8EC939}.Release|Any CPU.ActiveCfg = Release|Any CPU
		{054B70D6-A40B-4CA9-A777-AD639F8EC939}.Release|Any CPU.Build.0 = Release|Any CPU
	EndGlobalSection
	GlobalSection(SolutionProperties) = preSolution
		HideSolutionNode = FALSE
	EndGlobalSection
	GlobalSection(ExtensibilityGlobals) = postSolution
		SolutionGuid = {5AC4055B-29B9-4007-995E-68FDB9222E81}
	EndGlobalSection
EndGlobal
